
Microsoft Visual Studio Solution File, Format Version 12.00
# Visual Studio Version 16
VisualStudioVersion = 16.0.30413.136
MinimumVisualStudioVersion = 10.0.40219.1
Project("{FAE04EC0-301F-11D3-BF4B-00C04F79EFBC}") = "Gorsel_Programlama", "WindowsFormsApp2\Gorsel_Programlama.csproj", "{8B50E036-3547-46B6-B1D9-8735F329073B}"
EndProject
Global
	GlobalSection(SolutionConfigurationPlatforms) = preSolution
		Debug|Any CPU = Debug|Any CPU
		Release|Any CPU = Release|Any CPU
	EndGlobalSection
	GlobalSection(ProjectConfigurationPlatforms) = postSolution
		{8B50E036-3547-46B6-B1D9-8735F329073B}.Debug|Any CPU.ActiveCfg = Debug|Any CPU
		{8B50E036-3547-46B6-B1D9-8735F329073B}.Debug|Any CPU.Build.0 = Debug|Any CPU
		{8B50E036-3547-46B6-B1D9-8735F329073B}.Release|Any CPU.ActiveCfg = Release|Any CPU
		{8B50E036-3547-46B6-B1D9-8735F329073B}.Release|Any CPU.Build.0 = Release|Any CPU
	EndGlobalSection
	GlobalSection(SolutionProperties) = preSolution
		HideSolutionNode = FALSE
	EndGlobalSection
	GlobalSection(ExtensibilityGlobals) = postSolution
		SolutionGuid = {E51F9E8C-8669-4B6C-B6F0-D1D998027676}
	EndGlobalSection
EndGlobal
